
Microsoft Visual Studio Solution File, Format Version 12.00
# Visual Studio Version 17
VisualStudioVersion = 17.1.32319.34
MinimumVisualStudioVersion = 10.0.40219.1
Project("{FAE04EC0-301F-11D3-BF4B-00C04F79EFBC}") = "Phonebook_SQL_Query", "Phonebook_SQL_Query\Phonebook_SQL_Query.csproj", "{E2720059-8B30-408C-AFCE-95CB75DE6891}"
EndProject
Global
	GlobalSection(SolutionConfigurationPlatforms) = preSolution
		Debug|Any CPU = Debug|Any CPU
		Release|Any CPU = Release|Any CPU
	EndGlobalSection
	GlobalSection(ProjectConfigurationPlatforms) = postSolution
		{E2720059-8B30-408C-AFCE-95CB75DE6891}.Debug|Any CPU.ActiveCfg = Debug|Any CPU
		{E2720059-8B30-408C-AFCE-95CB75DE6891}.Debug|Any CPU.Build.0 = Debug|Any CPU
		{E2720059-8B30-408C-AFCE-95CB75DE6891}.Release|Any CPU.ActiveCfg = Release|Any CPU
		{E2720059-8B30-408C-AFCE-95CB75DE6891}.Release|Any CPU.Build.0 = Release|Any CPU
	EndGlobalSection
	GlobalSection(SolutionProperties) = preSolution
		HideSolutionNode = FALSE
	EndGlobalSection
	GlobalSection(ExtensibilityGlobals) = postSolution
		SolutionGuid = {A27FB8C7-C806-472B-953C-A644E1417D88}
	EndGlobalSection
EndGlobal
